// !$*UTF8*$!
{
	archiveVersion = 1;
	classes = {
	};
	objectVersion = 46;
	objects = {

/* Begin PBXBuildFile section */
		2711258C1DD2D19A00588E7A /* AppDelegate.swift in Sources */ = {isa = PBXBuildFile; fileRef = 2711258B1DD2D19A00588E7A /* AppDelegate.swift */; };
		2711258E1DD2D19A00588E7A /* ViewController.swift in Sources */ = {isa = PBXBuildFile; fileRef = 2711258D1DD2D19A00588E7A /* ViewController.swift */; };
		271125911DD2D19A00588E7A /* Main.storyboard in Resources */ = {isa = PBXBuildFile; fileRef = 2711258F1DD2D19A00588E7A /* Main.storyboard */; };
		271125931DD2D19A00588E7A /* Assets.xcassets in Resources */ = {isa = PBXBuildFile; fileRef = 271125921DD2D19A00588E7A /* Assets.xcassets */; };
		271125961DD2D19A00588E7A /* LaunchScreen.storyboard in Resources */ = {isa = PBXBuildFile; fileRef = 271125941DD2D19A00588E7A /* LaunchScreen.storyboard */; };
		271125A11DD2D19A00588E7A /* table_viewTests.swift in Sources */ = {isa = PBXBuildFile; fileRef = 271125A01DD2D19A00588E7A /* table_viewTests.swift */; };
		271125AC1DD2D19A00588E7A /* table_viewUITests.swift in Sources */ = {isa = PBXBuildFile; fileRef = 271125AB1DD2D19A00588E7A /* table_viewUITests.swift */; };
/* End PBXBuildFile section */

/* Begin PBXContainerItemProxy section */
		2711259D1DD2D19A00588E7A /* PBXContainerItemProxy */ = {
			isa = PBXContainerItemProxy;
			containerPortal = 271125801DD2D19A00588E7A /* Project object */;
			proxyType = 1;
			remoteGlobalIDString = 271125871DD2D19A00588E7A;
			remoteInfo = table_view;
		};
		271125A81DD2D19A00588E7A /* PBXContainerItemProxy */ = {
			isa = PBXContainerItemProxy;
			containerPortal = 271125801DD2D19A00588E7A /* Project object */;
			proxyType = 1;
			remoteGlobalIDString = 271125871DD2D19A00588E7A;
			remoteInfo = table_view;
		};
/* End PBXContainerItemProxy section */

/* Begin PBXFileReference section */
		271125881DD2D19A00588E7A /* table_view.app */ = {isa = PBXFileReference; explicitFileType = wrapper.application; includeInIndex = 0; path = table_view.app; sourceTree = BUILT_PRODUCTS_DIR; };
		2711258B1DD2D19A00588E7A /* AppDelegate.swift */ = {isa = PBXFileReference; lastKnownFileType = sourcecode.swift; path = AppDelegate.swift; sourceTree = "<group>"; };
		2711258D1DD2D19A00588E7A /* ViewController.swift */ = {isa = PBXFileReference; lastKnownFileType = sourcecode.swift; path = ViewController.swift; sourceTree = "<group>"; };
		271125901DD2D19A00588E7A /* Base */ = {isa = PBXFileReference; lastKnownFileType = file.storyboard; name = Base; path = Base.lproj/Main.storyboard; sourceTree = "<group>"; };
		271125921DD2D19A00588E7A /* Assets.xcassets */ = {isa = PBXFileReference; lastKnownFileType = folder.assetcatalog; path = Assets.xcassets; sourceTree = "<group>"; };
		271125951DD2D19A00588E7A /* Base */ = {isa = PBXFileReference; lastKnownFileType = file.storyboard; name = Base; path = Base.lproj/LaunchScreen.storyboard; sourceTree = "<group>"; };
		271125971DD2D19A00588E7A /* Info.plist */ = {isa = PBXFileReference; lastKnownFileType = text.plist.xml; path = Info.plist; sourceTree = "<group>"; };
		2711259C1DD2D19A00588E7A /* table_viewTests.xctest */ = {isa = PBXFileReference; explicitFileType = wrapper.cfbundle; includeInIndex = 0; path = table_viewTests.xctest; sourceTree = BUILT_PRODUCTS_DIR; };
		271125A01DD2D19A00588E7A /* table_viewTests.swift */ = {isa = PBXFileReference; lastKnownFileType = sourcecode.swift; path = table_viewTests.swift; sourceTree = "<group>"; };
		271125A21DD2D19A00588E7A /* Info.plist */ = {isa = PBXFileReference; lastKnownFileType = text.plist.xml; path = Info.plist; sourceTree = "<group>"; };
		271125A71DD2D19A00588E7A /* table_viewUITests.xctest */ = {isa = PBXFileReference; explicitFileType = wrapper.cfbundle; includeInIndex = 0; path = table_viewUITests.xctest; sourceTree = BUILT_PRODUCTS_DIR; };
		271125AB1DD2D19A00588E7A /* table_viewUITests.swift */ = {isa = PBXFileReference; lastKnownFileType = sourcecode.swift; path = table_viewUITests.swift; sourceTree = "<group>"; };
		271125AD1DD2D19A00588E7A /* Info.plist */ = {isa = PBXFileReference; lastKnownFileType = text.plist.xml; path = Info.plist; sourceTree = "<group>"; };
/* End PBXFileReference section */

/* Begin PBXFrameworksBuildPhase section */
		271125851DD2D19A00588E7A /* Frameworks */ = {
			isa = PBXFrameworksBuildPhase;
			buildActionMask = 2147483647;
			files = (
			);
			runOnlyForDeploymentPostprocessing = 0;
		};
		271125991DD2D19A00588E7A /* Frameworks */ = {
			isa = PBXFrameworksBuildPhase;
			buildActionMask = 2147483647;
			files = (
			);
			runOnlyForDeploymentPostprocessing = 0;
		};
		271125A41DD2D19A00588E7A /* Frameworks */ = {
			isa = PBXFrameworksBuildPhase;
			buildActionMask = 2147483647;
			files = (
			);
			runOnlyForDeploymentPostprocessing = 0;
		};
/* End PBXFrameworksBuildPhase section */

/* Begin PBXGroup section */
		2711257F1DD2D19A00588E7A = {
			isa = PBXGroup;
			children = (
				2711258A1DD2D19A00588E7A /* table_view */,
				2711259F1DD2D19A00588E7A /* table_viewTests */,
				271125AA1DD2D19A00588E7A /* table_viewUITests */,
				271125891DD2D19A00588E7A /* Products */,
			);
			sourceTree = "<group>";
		};
		271125891DD2D19A00588E7A /* Products */ = {
			isa = PBXGroup;
			children = (
				271125881DD2D19A00588E7A /* table_view.app */,
				2711259C1DD2D19A00588E7A /* table_viewTests.xctest */,
				271125A71DD2D19A00588E7A /* table_viewUITests.xctest */,
			);
			name = Products;
			sourceTree = "<group>";
		};
		2711258A1DD2D19A00588E7A /* table_view */ = {
			isa = PBXGroup;
			children = (
				2711258B1DD2D19A00588E7A /* AppDelegate.swift */,
				2711258D1DD2D19A00588E7A /* ViewController.swift */,
				2711258F1DD2D19A00588E7A /* Main.storyboard */,
				271125921DD2D19A00588E7A /* Assets.xcassets */,
				271125941DD2D19A00588E7A /* LaunchScreen.storyboard */,
				271125971DD2D19A00588E7A /* Info.plist */,
			);
			path = table_view;
			sourceTree = "<group>";
		};
		2711259F1DD2D19A00588E7A /* table_viewTests */ = {
			isa = PBXGroup;
			children = (
				271125A01DD2D19A00588E7A /* table_viewTests.swift */,
				271125A21DD2D19A00588E7A /* Info.plist */,
			);
			path = table_viewTests;
			sourceTree = "<group>";
		};
		271125AA1DD2D19A00588E7A /* table_viewUITests */ = {
			isa = PBXGroup;
			children = (
				271125AB1DD2D19A00588E7A /* table_viewUITests.swift */,
				271125AD1DD2D19A00588E7A /* Info.plist */,
			);
			path = table_viewUITests;
			sourceTree = "<group>";
		};
/* End PBXGroup section */

/* Begin PBXNativeTarget section */
		271125871DD2D19A00588E7A /* table_view */ = {
			isa = PBXNativeTarget;
			buildConfigurationList = 271125B01DD2D19A00588E7A /* Build configuration list for PBXNativeTarget "table_view" */;
			buildPhases = (
				271125841DD2D19A00588E7A /* Sources */,
				271125851DD2D19A00588E7A /* Frameworks */,
				271125861DD2D19A00588E7A /* Resources */,
			);
			buildRules = (
			);
			dependencies = (
			);
			name = table_view;
			productName = table_view;
			productReference = 271125881DD2D19A00588E7A /* table_view.app */;
			productType = "com.apple.product-type.application";
		};
		2711259B1DD2D19A00588E7A /* table_viewTests */ = {
			isa = PBXNativeTarget;
			buildConfigurationList = 271125B31DD2D19A00588E7A /* Build configuration list for PBXNativeTarget "table_viewTests" */;
			buildPhases = (
				271125981DD2D19A00588E7A /* Sources */,
				271125991DD2D19A00588E7A /* Frameworks */,
				2711259A1DD2D19A00588E7A /* Resources */,
			);
			buildRules = (
			);
			dependencies = (
				2711259E1DD2D19A00588E7A /* PBXTargetDependency */,
			);
			name = table_viewTests;
			productName = table_viewTests;
			productReference = 2711259C1DD2D19A00588E7A /* table_viewTests.xctest */;
			productType = "com.apple.product-type.bundle.unit-test";
		};
		271125A61DD2D19A00588E7A /* table_viewUITests */ = {
			isa = PBXNativeTarget;
			buildConfigurationList = 271125B61DD2D19A00588E7A /* Build configuration list for PBXNativeTarget "table_viewUITests" */;
			buildPhases = (
				271125A31DD2D19A00588E7A /* Sources */,
				271125A41DD2D19A00588E7A /* Frameworks */,
				271125A51DD2D19A00588E7A /* Resources */,
			);
			buildRules = (
			);
			dependencies = (
				271125A91DD2D19A00588E7A /* PBXTargetDependency */,
			);
			name = table_viewUITests;
			productName = table_viewUITests;
			productReference = 271125A71DD2D19A00588E7A /* table_viewUITests.xctest */;
			productType = "com.apple.product-type.bundle.ui-testing";
		};
/* End PBXNativeTarget section */

/* Begin PBXProject section */
		271125801DD2D19A00588E7A /* Project object */ = {
			isa = PBXProject;
			attributes = {
				LastSwiftUpdateCheck = 0810;
				LastUpgradeCheck = 0810;
				ORGANIZATIONNAME = "Minh Pham";
				TargetAttributes = {
					271125871DD2D19A00588E7A = {
						CreatedOnToolsVersion = 8.1;
						ProvisioningStyle = Automatic;
					};
					2711259B1DD2D19A00588E7A = {
						CreatedOnToolsVersion = 8.1;
						ProvisioningStyle = Automatic;
						TestTargetID = 271125871DD2D19A00588E7A;
					};
					271125A61DD2D19A00588E7A = {
						CreatedOnToolsVersion = 8.1;
						ProvisioningStyle = Automatic;
						TestTargetID = 271125871DD2D19A00588E7A;
					};
				};
			};
			buildConfigurationList = 271125831DD2D19A00588E7A /* Build configuration list for PBXProject "table_view" */;
			compatibilityVersion = "Xcode 3.2";
			developmentRegion = English;
			hasScannedForEncodings = 0;
			knownRegions = (
				en,
				Base,
			);
			mainGroup = 2711257F1DD2D19A00588E7A;
			productRefGroup = 271125891DD2D19A00588E7A /* Products */;
			projectDirPath = "";
			projectRoot = "";
			targets = (
				271125871DD2D19A00588E7A /* table_view */,
				2711259B1DD2D19A00588E7A /* table_viewTests */,
				271125A61DD2D19A00588E7A /* table_viewUITests */,
			);
		};
/* End PBXProject section */

/* Begin PBXResourcesBuildPhase section */
		271125861DD2D19A00588E7A /* Resources */ = {
			isa = PBXResourcesBuildPhase;
			buildActionMask = 2147483647;
			files = (
				271125961DD2D19A00588E7A /* LaunchScreen.storyboard in Resources */,
				271125931DD2D19A00588E7A /* Assets.xcassets in Resources */,
				271125911DD2D19A00588E7A /* Main.storyboard in Resources */,
			);
			runOnlyForDeploymentPostprocessing = 0;
		};
		2711259A1DD2D19A00588E7A /* Resources */ = {
			isa = PBXResourcesBuildPhase;
			buildActionMask = 2147483647;
			files = (
			);
			runOnlyForDeploymentPostprocessing = 0;
		};
		271125A51DD2D19A00588E7A /* Resources */ = {
			isa = PBXResourcesBuildPhase;
			buildActionMask = 2147483647;
			files = (
			);
			runOnlyForDeploymentPostprocessing = 0;
		};
/* End PBXResourcesBuildPhase section */

/* Begin PBXSourcesBuildPhase section */
		271125841DD2D19A00588E7A /* Sources */ = {
			isa = PBXSourcesBuildPhase;
			buildActionMask = 2147483647;
			files = (
				2711258E1DD2D19A00588E7A /* ViewController.swift in Sources */,
				2711258C1DD2D19A00588E7A /* AppDelegate.swift in Sources */,
			);
			runOnlyForDeploymentPostprocessing = 0;
		};
		271125981DD2D19A00588E7A /* Sources */ = {
			isa = PBXSourcesBuildPhase;
			buildActionMask = 2147483647;
			files = (
				271125A11DD2D19A00588E7A /* table_viewTests.swift in Sources */,
			);
			runOnlyForDeploymentPostprocessing = 0;
		};
		271125A31DD2D19A00588E7A /* Sources */ = {
			isa = PBXSourcesBuildPhase;
			buildActionMask = 2147483647;
			files = (
				271125AC1DD2D19A00588E7A /* table_viewUITests.swift in Sources */,
			);
			runOnlyForDeploymentPostprocessing = 0;
		};
/* End PBXSourcesBuildPhase section */

/* Begin PBXTargetDependency section */
		2711259E1DD2D19A00588E7A /* PBXTargetDependency */ = {
			isa = PBXTargetDependency;
			target = 271125871DD2D19A00588E7A /* table_view */;
			targetProxy = 2711259D1DD2D19A00588E7A /* PBXContainerItemProxy */;
		};
		271125A91DD2D19A00588E7A /* PBXTargetDependency */ = {
			isa = PBXTargetDependency;
			target = 271125871DD2D19A00588E7A /* table_view */;
			targetProxy = 271125A81DD2D19A00588E7A /* PBXContainerItemProxy */;
		};
/* End PBXTargetDependency section */

/* Begin PBXVariantGroup section */
		2711258F1DD2D19A00588E7A /* Main.storyboard */ = {
			isa = PBXVariantGroup;
			children = (
				271125901DD2D19A00588E7A /* Base */,
			);
			name = Main.storyboard;
			sourceTree = "<group>";
		};
		271125941DD2D19A00588E7A /* LaunchScreen.storyboard */ = {
			isa = PBXVariantGroup;
			children = (
				271125951DD2D19A00588E7A /* Base */,
			);
			name = LaunchScreen.storyboard;
			sourceTree = "<group>";
		};
/* End PBXVariantGroup section */

/* Begin XCBuildConfiguration section */
		271125AE1DD2D19A00588E7A /* Debug */ = {
			isa = XCBuildConfiguration;
			buildSettings = {
				ALWAYS_SEARCH_USER_PATHS = NO;
				CLANG_ANALYZER_NONNULL = YES;
				CLANG_CXX_LANGUAGE_STANDARD = "gnu++0x";
				CLANG_CXX_LIBRARY = "libc++";
				CLANG_ENABLE_MODULES = YES;
				CLANG_ENABLE_OBJC_ARC = YES;
				CLANG_WARN_BOOL_CONVERSION = YES;
				CLANG_WARN_CONSTANT_CONVERSION = YES;
				CLANG_WARN_DIRECT_OBJC_ISA_USAGE = YES_ERROR;
				CLANG_WARN_DOCUMENTATION_COMMENTS = YES;
				CLANG_WARN_EMPTY_BODY = YES;
				CLANG_WARN_ENUM_CONVERSION = YES;
				CLANG_WARN_INFINITE_RECURSION = YES;
				CLANG_WARN_INT_CONVERSION = YES;
				CLANG_WARN_OBJC_ROOT_CLASS = YES_ERROR;
				CLANG_WARN_SUSPICIOUS_MOVES = YES;
				CLANG_WARN_UNREACHABLE_CODE = YES;
				CLANG_WARN__DUPLICATE_METHOD_MATCH = YES;
				"CODE_SIGN_IDENTITY[sdk=iphoneos*]" = "iPhone Developer";
				COPY_PHASE_STRIP = NO;
				DEBUG_INFORMATION_FORMAT = dwarf;
				ENABLE_STRICT_OBJC_MSGSEND = YES;
				ENABLE_TESTABILITY = YES;
				GCC_C_LANGUAGE_STANDARD = gnu99;
				GCC_DYNAMIC_NO_PIC = NO;
				GCC_NO_COMMON_BLOCKS = YES;
				GCC_OPTIMIZATION_LEVEL = 0;
				GCC_PREPROCESSOR_DEFINITIONS = (
					"DEBUG=1",
					"$(inherited)",
				);
				GCC_WARN_64_TO_32_BIT_CONVERSION = YES;
				GCC_WARN_ABOUT_RETURN_TYPE = YES_ERROR;
				GCC_WARN_UNDECLARED_SELECTOR = YES;
				GCC_WARN_UNINITIALIZED_AUTOS = YES_AGGRESSIVE;
				GCC_WARN_UNUSED_FUNCTION = YES;
				GCC_WARN_UNUSED_VARIABLE = YES;
				IPHONEOS_DEPLOYMENT_TARGET = 10.1;
				MTL_ENABLE_DEBUG_INFO = YES;
				ONLY_ACTIVE_ARCH = YES;
				SDKROOT = iphoneos;
				SWIFT_ACTIVE_COMPILATION_CONDITIONS = DEBUG;
				SWIFT_OPTIMIZATION_LEVEL = "-Onone";
				TARGETED_DEVICE_FAMILY = "1,2";
			};
			name = Debug;
		};
		271125AF1DD2D19A00588E7A /* Release */ = {
			isa = XCBuildConfiguration;
			buildSettings = {
				ALWAYS_SEARCH_USER_PATHS = NO;
				CLANG_ANALYZER_NONNULL = YES;
				CLANG_CXX_LANGUAGE_STANDARD = "gnu++0x";
				CLANG_CXX_LIBRARY = "libc++";
				CLANG_ENABLE_MODULES = YES;
				CLANG_ENABLE_OBJC_ARC = YES;
				CLANG_WARN_BOOL_CONVERSION = YES;
				CLANG_WARN_CONSTANT_CONVERSION = YES;
				CLANG_WARN_DIRECT_OBJC_ISA_USAGE = YES_ERROR;
				CLANG_WARN_DOCUMENTATION_COMMENTS = YES;
				CLANG_WARN_EMPTY_BODY = YES;
				CLANG_WARN_ENUM_CONVERSION = YES;
				CLANG_WARN_INFINITE_RECURSION = YES;
				CLANG_WARN_INT_CONVERSION = YES;
				CLANG_WARN_OBJC_ROOT_CLASS = YES_ERROR;
				CLANG_WARN_SUSPICIOUS_MOVES = YES;
				CLANG_WARN_UNREACHABLE_CODE = YES;
				CLANG_WARN__DUPLICATE_METHOD_MATCH = YES;
				"CODE_SIGN_IDENTITY[sdk=iphoneos*]" = "iPhone Developer";
				COPY_PHASE_STRIP = NO;
				DEBUG_INFORMATION_FORMAT = "dwarf-with-dsym";
				ENABLE_NS_ASSERTIONS = NO;
				ENABLE_STRICT_OBJC_MSGSEND = YES;
				GCC_C_LANGUAGE_STANDARD = gnu99;
				GCC_NO_COMMON_BLOCKS = YES;
				GCC_WARN_64_TO_32_BIT_CONVERSION = YES;
				GCC_WARN_ABOUT_RETURN_TYPE = YES_ERROR;
				GCC_WARN_UNDECLARED_SELECTOR = YES;
				GCC_WARN_UNINITIALIZED_AUTOS = YES_AGGRESSIVE;
				GCC_WARN_UNUSED_FUNCTION = YES;
				GCC_WARN_UNUSED_VARIABLE = YES;
				IPHONEOS_DEPLOYMENT_TARGET = 10.1;
				MTL_ENABLE_DEBUG_INFO = NO;
				SDKROOT = iphoneos;
				SWIFT_OPTIMIZATION_LEVEL = "-Owholemodule";
				TARGETED_DEVICE_FAMILY = "1,2";
				VALIDATE_PRODUCT = YES;
			};
			name = Release;
		};
		271125B11DD2D19A00588E7A /* Debug */ = {
			isa = XCBuildConfiguration;
			buildSettings = {
				ASSETCATALOG_COMPILER_APPICON_NAME = AppIcon;
				INFOPLIST_FILE = table_view/Info.plist;
				LD_RUNPATH_SEARCH_PATHS = "$(inherited) @executable_path/Frameworks";
				PRODUCT_BUNDLE_IDENTIFIER = "single-view-project.table-view";
				PRODUCT_NAME = "$(TARGET_NAME)";
				SWIFT_VERSION = 2.3;
			};
			name = Debug;
		};
		271125B21DD2D19A00588E7A /* Release */ = {
			isa = XCBuildConfiguration;
			buildSettings = {
				ASSETCATALOG_COMPILER_APPICON_NAME = AppIcon;
				INFOPLIST_FILE = table_view/Info.plist;
				LD_RUNPATH_SEARCH_PATHS = "$(inherited) @executable_path/Frameworks";
				PRODUCT_BUNDLE_IDENTIFIER = "single-view-project.table-view";
				PRODUCT_NAME = "$(TARGET_NAME)";
				SWIFT_VERSION = 2.3;
			};
			name = Release;
		};
		271125B41DD2D19A00588E7A /* Debug */ = {
			isa = XCBuildConfiguration;
			buildSettings = {
				ALWAYS_EMBED_SWIFT_STANDARD_LIBRARIES = YES;
				BUNDLE_LOADER = "$(TEST_HOST)";
				INFOPLIST_FILE = table_viewTests/Info.plist;
				LD_RUNPATH_SEARCH_PATHS = "$(inherited) @executable_path/Frameworks @loader_path/Frameworks";
				PRODUCT_BUNDLE_IDENTIFIER = "single-view-project.table-viewTests";
				PRODUCT_NAME = "$(TARGET_NAME)";
				SWIFT_VERSION = 3.0;
				TEST_HOST = "$(BUILT_PRODUCTS_DIR)/table_view.app/table_view";
			};
			name = Debug;
		};
		271125B51DD2D19A00588E7A /* Release */ = {
			isa = XCBuildConfiguration;
			buildSettings = {
				ALWAYS_EMBED_SWIFT_STANDARD_LIBRARIES = YES;
				BUNDLE_LOADER = "$(TEST_HOST)";
				INFOPLIST_FILE = table_viewTests/Info.plist;
				LD_RUNPATH_SEARCH_PATHS = "$(inherited) @executable_path/Frameworks @loader_path/Frameworks";
				PRODUCT_BUNDLE_IDENTIFIER = "single-view-project.table-viewTests";
				PRODUCT_NAME = "$(TARGET_NAME)";
				SWIFT_VERSION = 3.0;
				TEST_HOST = "$(BUILT_PRODUCTS_DIR)/table_view.app/table_view";
			};
			name = Release;
		};
		271125B71DD2D19A00588E7A /* Debug */ = {
			isa = XCBuildConfiguration;
			buildSettings = {
				ALWAYS_EMBED_SWIFT_STANDARD_LIBRARIES = YES;
				INFOPLIST_FILE = table_viewUITests/Info.plist;
				LD_RUNPATH_SEARCH_PATHS = "$(inherited) @executable_path/Frameworks @loader_path/Frameworks";
				PRODUCT_BUNDLE_IDENTIFIER = "single-view-project.table-viewUITests";
				PRODUCT_NAME = "$(TARGET_NAME)";
				SWIFT_VERSION = 3.0;
				TEST_TARGET_NAME = table_view;
			};
			name = Debug;
		};
		271125B81DD2D19A00588E7A /* Release */ = {
			isa = XCBuildConfiguration;
			buildSettings = {
				ALWAYS_EMBED_SWIFT_STANDARD_LIBRARIES = YES;
				INFOPLIST_FILE = table_viewUITests/Info.plist;
				LD_RUNPATH_SEARCH_PATHS = "$(inherited) @executable_path/Frameworks @loader_path/Frameworks";
				PRODUCT_BUNDLE_IDENTIFIER = "single-view-project.table-viewUITests";
				PRODUCT_NAME = "$(TARGET_NAME)";
				SWIFT_VERSION = 3.0;
				TEST_TARGET_NAME = table_view;
			};
			name = Release;
		};
/* End XCBuildConfiguration section */

/* Begin XCConfigurationList section */
		271125831DD2D19A00588E7A /* Build configuration list for PBXProject "table_view" */ = {
			isa = XCConfigurationList;
			buildConfigurations = (
				271125AE1DD2D19A00588E7A /* Debug */,
				271125AF1DD2D19A00588E7A /* Release */,
			);
			defaultConfigurationIsVisible = 0;
			defaultConfigurationName = Release;
		};
		271125B01DD2D19A00588E7A /* Build configuration list for PBXNativeTarget "table_view" */ = {
			isa = XCConfigurationList;
			buildConfigurations = (
				271125B11DD2D19A00588E7A /* Debug */,
				271125B21DD2D19A00588E7A /* Release */,
			);
			defaultConfigurationIsVisible = 0;
		};
		271125B31DD2D19A00588E7A /* Build configuration list for PBXNativeTarget "table_viewTests" */ = {
			isa = XCConfigurationList;
			buildConfigurations = (
				271125B41DD2D19A00588E7A /* Debug */,
				271125B51DD2D19A00588E7A /* Release */,
			);
			defaultConfigurationIsVisible = 0;
		};
		271125B61DD2D19A00588E7A /* Build configuration list for PBXNativeTarget "table_viewUITests" */ = {
			isa = XCConfigurationList;
			buildConfigurations = (
				271125B71DD2D19A00588E7A /* Debug */,
				271125B81DD2D19A00588E7A /* Release */,
			);
			defaultConfigurationIsVisible = 0;
		};
/* End XCConfigurationList section */
	};
	rootObject = 271125801DD2D19A00588E7A /* Project object */;
}
