// !$*UTF8*$!
{
	archiveVersion = 1;
	classes = {
	};
	objectVersion = 46;
	objects = {

/* Begin PBXBuildFile section */
		8639013419B4F01A00EC5B2B /* AppDelegate.swift in Sources */ = {isa = PBXBuildFile; fileRef = 8639013319B4F01A00EC5B2B /* AppDelegate.swift */; };
		8639013619B4F01A00EC5B2B /* ViewController.swift in Sources */ = {isa = PBXBuildFile; fileRef = 8639013519B4F01A00EC5B2B /* ViewController.swift */; };
		8639013919B4F01A00EC5B2B /* Main.storyboard in Resources */ = {isa = PBXBuildFile; fileRef = 8639013719B4F01A00EC5B2B /* Main.storyboard */; };
		8639013B19B4F01A00EC5B2B /* Images.xcassets in Resources */ = {isa = PBXBuildFile; fileRef = 8639013A19B4F01A00EC5B2B /* Images.xcassets */; };
		8639014719B4F01A00EC5B2B /* BlurrySideBarTests.swift in Sources */ = {isa = PBXBuildFile; fileRef = 8639014619B4F01A00EC5B2B /* BlurrySideBarTests.swift */; };
		8639015319B4F2AD00EC5B2B /* SideBar.swift in Sources */ = {isa = PBXBuildFile; fileRef = 8639015219B4F2AD00EC5B2B /* SideBar.swift */; };
		9E68AE301CEF7150006D5B89 /* SideBarTableViewController.swift in Sources */ = {isa = PBXBuildFile; fileRef = 9E68AE2F1CEF7150006D5B89 /* SideBarTableViewController.swift */; };
/* End PBXBuildFile section */

/* Begin PBXContainerItemProxy section */
		8639014119B4F01A00EC5B2B /* PBXContainerItemProxy */ = {
			isa = PBXContainerItemProxy;
			containerPortal = 8639012619B4F01A00EC5B2B /* Project object */;
			proxyType = 1;
			remoteGlobalIDString = 8639012D19B4F01A00EC5B2B;
			remoteInfo = BlurrySideBar;
		};
/* End PBXContainerItemProxy section */

/* Begin PBXFileReference section */
		8639012E19B4F01A00EC5B2B /* BlurrySideBar.app */ = {isa = PBXFileReference; explicitFileType = wrapper.application; includeInIndex = 0; path = BlurrySideBar.app; sourceTree = BUILT_PRODUCTS_DIR; };
		8639013219B4F01A00EC5B2B /* Info.plist */ = {isa = PBXFileReference; lastKnownFileType = text.plist.xml; path = Info.plist; sourceTree = "<group>"; };
		8639013319B4F01A00EC5B2B /* AppDelegate.swift */ = {isa = PBXFileReference; lastKnownFileType = sourcecode.swift; path = AppDelegate.swift; sourceTree = "<group>"; };
		8639013519B4F01A00EC5B2B /* ViewController.swift */ = {isa = PBXFileReference; lastKnownFileType = sourcecode.swift; path = ViewController.swift; sourceTree = "<group>"; };
		8639013819B4F01A00EC5B2B /* Base */ = {isa = PBXFileReference; lastKnownFileType = file.storyboard; name = Base; path = Base.lproj/Main.storyboard; sourceTree = "<group>"; };
		8639013A19B4F01A00EC5B2B /* Images.xcassets */ = {isa = PBXFileReference; lastKnownFileType = folder.assetcatalog; path = Images.xcassets; sourceTree = "<group>"; };
		8639014019B4F01A00EC5B2B /* BlurrySideBarTests.xctest */ = {isa = PBXFileReference; explicitFileType = wrapper.cfbundle; includeInIndex = 0; path = BlurrySideBarTests.xctest; sourceTree = BUILT_PRODUCTS_DIR; };
		8639014519B4F01A00EC5B2B /* Info.plist */ = {isa = PBXFileReference; lastKnownFileType = text.plist.xml; path = Info.plist; sourceTree = "<group>"; };
		8639014619B4F01A00EC5B2B /* BlurrySideBarTests.swift */ = {isa = PBXFileReference; lastKnownFileType = sourcecode.swift; path = BlurrySideBarTests.swift; sourceTree = "<group>"; };
		8639015219B4F2AD00EC5B2B /* SideBar.swift */ = {isa = PBXFileReference; fileEncoding = 4; lastKnownFileType = sourcecode.swift; path = SideBar.swift; sourceTree = "<group>"; };
		9E68AE2F1CEF7150006D5B89 /* SideBarTableViewController.swift */ = {isa = PBXFileReference; fileEncoding = 4; lastKnownFileType = sourcecode.swift; path = SideBarTableViewController.swift; sourceTree = "<group>"; };
/* End PBXFileReference section */

/* Begin PBXFrameworksBuildPhase section */
		8639012B19B4F01A00EC5B2B /* Frameworks */ = {
			isa = PBXFrameworksBuildPhase;
			buildActionMask = 2147483647;
			files = (
			);
			runOnlyForDeploymentPostprocessing = 0;
		};
		8639013D19B4F01A00EC5B2B /* Frameworks */ = {
			isa = PBXFrameworksBuildPhase;
			buildActionMask = 2147483647;
			files = (
			);
			runOnlyForDeploymentPostprocessing = 0;
		};
/* End PBXFrameworksBuildPhase section */

/* Begin PBXGroup section */
		8639012519B4F01A00EC5B2B = {
			isa = PBXGroup;
			children = (
				8639013019B4F01A00EC5B2B /* BlurrySideBar */,
				8639014319B4F01A00EC5B2B /* BlurrySideBarTests */,
				8639012F19B4F01A00EC5B2B /* Products */,
			);
			sourceTree = "<group>";
		};
		8639012F19B4F01A00EC5B2B /* Products */ = {
			isa = PBXGroup;
			children = (
				8639012E19B4F01A00EC5B2B /* BlurrySideBar.app */,
				8639014019B4F01A00EC5B2B /* BlurrySideBarTests.xctest */,
			);
			name = Products;
			sourceTree = "<group>";
		};
		8639013019B4F01A00EC5B2B /* BlurrySideBar */ = {
			isa = PBXGroup;
			children = (
				8639013319B4F01A00EC5B2B /* AppDelegate.swift */,
				8639013519B4F01A00EC5B2B /* ViewController.swift */,
				9E68AE2F1CEF7150006D5B89 /* SideBarTableViewController.swift */,
				8639015219B4F2AD00EC5B2B /* SideBar.swift */,
				8639013719B4F01A00EC5B2B /* Main.storyboard */,
				8639013A19B4F01A00EC5B2B /* Images.xcassets */,
				8639013119B4F01A00EC5B2B /* Supporting Files */,
			);
			path = BlurrySideBar;
			sourceTree = "<group>";
		};
		8639013119B4F01A00EC5B2B /* Supporting Files */ = {
			isa = PBXGroup;
			children = (
				8639013219B4F01A00EC5B2B /* Info.plist */,
			);
			name = "Supporting Files";
			sourceTree = "<group>";
		};
		8639014319B4F01A00EC5B2B /* BlurrySideBarTests */ = {
			isa = PBXGroup;
			children = (
				8639014619B4F01A00EC5B2B /* BlurrySideBarTests.swift */,
				8639014419B4F01A00EC5B2B /* Supporting Files */,
			);
			path = BlurrySideBarTests;
			sourceTree = "<group>";
		};
		8639014419B4F01A00EC5B2B /* Supporting Files */ = {
			isa = PBXGroup;
			children = (
				8639014519B4F01A00EC5B2B /* Info.plist */,
			);
			name = "Supporting Files";
			sourceTree = "<group>";
		};
/* End PBXGroup section */

/* Begin PBXNativeTarget section */
		8639012D19B4F01A00EC5B2B /* BlurrySideBar */ = {
			isa = PBXNativeTarget;
			buildConfigurationList = 8639014A19B4F01A00EC5B2B /* Build configuration list for PBXNativeTarget "BlurrySideBar" */;
			buildPhases = (
				8639012A19B4F01A00EC5B2B /* Sources */,
				8639012B19B4F01A00EC5B2B /* Frameworks */,
				8639012C19B4F01A00EC5B2B /* Resources */,
			);
			buildRules = (
			);
			dependencies = (
			);
			name = BlurrySideBar;
			productName = BlurrySideBar;
			productReference = 8639012E19B4F01A00EC5B2B /* BlurrySideBar.app */;
			productType = "com.apple.product-type.application";
		};
		8639013F19B4F01A00EC5B2B /* BlurrySideBarTests */ = {
			isa = PBXNativeTarget;
			buildConfigurationList = 8639014D19B4F01A00EC5B2B /* Build configuration list for PBXNativeTarget "BlurrySideBarTests" */;
			buildPhases = (
				8639013C19B4F01A00EC5B2B /* Sources */,
				8639013D19B4F01A00EC5B2B /* Frameworks */,
				8639013E19B4F01A00EC5B2B /* Resources */,
			);
			buildRules = (
			);
			dependencies = (
				8639014219B4F01A00EC5B2B /* PBXTargetDependency */,
			);
			name = BlurrySideBarTests;
			productName = BlurrySideBarTests;
			productReference = 8639014019B4F01A00EC5B2B /* BlurrySideBarTests.xctest */;
			productType = "com.apple.product-type.bundle.unit-test";
		};
/* End PBXNativeTarget section */

/* Begin PBXProject section */
		8639012619B4F01A00EC5B2B /* Project object */ = {
			isa = PBXProject;
			attributes = {
				LastSwiftUpdateCheck = 0730;
				LastUpgradeCheck = 0730;
				ORGANIZATIONNAME = Training;
				TargetAttributes = {
					8639012D19B4F01A00EC5B2B = {
						CreatedOnToolsVersion = 6.0;
						LastSwiftMigration = 0810;
					};
					8639013F19B4F01A00EC5B2B = {
						CreatedOnToolsVersion = 6.0;
						LastSwiftMigration = 0810;
						TestTargetID = 8639012D19B4F01A00EC5B2B;
					};
				};
			};
			buildConfigurationList = 8639012919B4F01A00EC5B2B /* Build configuration list for PBXProject "BlurrySideBar" */;
			compatibilityVersion = "Xcode 3.2";
			developmentRegion = English;
			hasScannedForEncodings = 0;
			knownRegions = (
				en,
				Base,
			);
			mainGroup = 8639012519B4F01A00EC5B2B;
			productRefGroup = 8639012F19B4F01A00EC5B2B /* Products */;
			projectDirPath = "";
			projectRoot = "";
			targets = (
				8639012D19B4F01A00EC5B2B /* BlurrySideBar */,
				8639013F19B4F01A00EC5B2B /* BlurrySideBarTests */,
			);
		};
/* End PBXProject section */

/* Begin PBXResourcesBuildPhase section */
		8639012C19B4F01A00EC5B2B /* Resources */ = {
			isa = PBXResourcesBuildPhase;
			buildActionMask = 2147483647;
			files = (
				8639013919B4F01A00EC5B2B /* Main.storyboard in Resources */,
				8639013B19B4F01A00EC5B2B /* Images.xcassets in Resources */,
			);
			runOnlyForDeploymentPostprocessing = 0;
		};
		8639013E19B4F01A00EC5B2B /* Resources */ = {
			isa = PBXResourcesBuildPhase;
			buildActionMask = 2147483647;
			files = (
			);
			runOnlyForDeploymentPostprocessing = 0;
		};
/* End PBXResourcesBuildPhase section */

/* Begin PBXSourcesBuildPhase section */
		8639012A19B4F01A00EC5B2B /* Sources */ = {
			isa = PBXSourcesBuildPhase;
			buildActionMask = 2147483647;
			files = (
				8639013619B4F01A00EC5B2B /* ViewController.swift in Sources */,
				8639015319B4F2AD00EC5B2B /* SideBar.swift in Sources */,
				8639013419B4F01A00EC5B2B /* AppDelegate.swift in Sources */,
				9E68AE301CEF7150006D5B89 /* SideBarTableViewController.swift in Sources */,
			);
			runOnlyForDeploymentPostprocessing = 0;
		};
		8639013C19B4F01A00EC5B2B /* Sources */ = {
			isa = PBXSourcesBuildPhase;
			buildActionMask = 2147483647;
			files = (
				8639014719B4F01A00EC5B2B /* BlurrySideBarTests.swift in Sources */,
			);
			runOnlyForDeploymentPostprocessing = 0;
		};
/* End PBXSourcesBuildPhase section */

/* Begin PBXTargetDependency section */
		8639014219B4F01A00EC5B2B /* PBXTargetDependency */ = {
			isa = PBXTargetDependency;
			target = 8639012D19B4F01A00EC5B2B /* BlurrySideBar */;
			targetProxy = 8639014119B4F01A00EC5B2B /* PBXContainerItemProxy */;
		};
/* End PBXTargetDependency section */

/* Begin PBXVariantGroup section */
		8639013719B4F01A00EC5B2B /* Main.storyboard */ = {
			isa = PBXVariantGroup;
			children = (
				8639013819B4F01A00EC5B2B /* Base */,
			);
			name = Main.storyboard;
			sourceTree = "<group>";
		};
/* End PBXVariantGroup section */

/* Begin XCBuildConfiguration section */
		8639014819B4F01A00EC5B2B /* Debug */ = {
			isa = XCBuildConfiguration;
			buildSettings = {
				ALWAYS_SEARCH_USER_PATHS = NO;
				CLANG_CXX_LANGUAGE_STANDARD = "gnu++0x";
				CLANG_CXX_LIBRARY = "libc++";
				CLANG_ENABLE_MODULES = YES;
				CLANG_ENABLE_OBJC_ARC = YES;
				CLANG_WARN_BOOL_CONVERSION = YES;
				CLANG_WARN_CONSTANT_CONVERSION = YES;
				CLANG_WARN_DIRECT_OBJC_ISA_USAGE = YES_ERROR;
				CLANG_WARN_EMPTY_BODY = YES;
				CLANG_WARN_ENUM_CONVERSION = YES;
				CLANG_WARN_INT_CONVERSION = YES;
				CLANG_WARN_OBJC_ROOT_CLASS = YES_ERROR;
				CLANG_WARN_UNREACHABLE_CODE = YES;
				CLANG_WARN__DUPLICATE_METHOD_MATCH = YES;
				"CODE_SIGN_IDENTITY[sdk=iphoneos*]" = "iPhone Developer";
				COPY_PHASE_STRIP = NO;
				ENABLE_STRICT_OBJC_MSGSEND = YES;
				ENABLE_TESTABILITY = YES;
				GCC_C_LANGUAGE_STANDARD = gnu99;
				GCC_DYNAMIC_NO_PIC = NO;
				GCC_OPTIMIZATION_LEVEL = 0;
				GCC_PREPROCESSOR_DEFINITIONS = (
					"DEBUG=1",
					"$(inherited)",
				);
				GCC_SYMBOLS_PRIVATE_EXTERN = NO;
				GCC_WARN_64_TO_32_BIT_CONVERSION = YES;
				GCC_WARN_ABOUT_RETURN_TYPE = YES_ERROR;
				GCC_WARN_UNDECLARED_SELECTOR = YES;
				GCC_WARN_UNINITIALIZED_AUTOS = YES_AGGRESSIVE;
				GCC_WARN_UNUSED_FUNCTION = YES;
				GCC_WARN_UNUSED_VARIABLE = YES;
				IPHONEOS_DEPLOYMENT_TARGET = 8.0;
				MTL_ENABLE_DEBUG_INFO = YES;
				ONLY_ACTIVE_ARCH = YES;
				SDKROOT = iphoneos;
				SWIFT_OPTIMIZATION_LEVEL = "-Onone";
			};
			name = Debug;
		};
		8639014919B4F01A00EC5B2B /* Release */ = {
			isa = XCBuildConfiguration;
			buildSettings = {
				ALWAYS_SEARCH_USER_PATHS = NO;
				CLANG_CXX_LANGUAGE_STANDARD = "gnu++0x";
				CLANG_CXX_LIBRARY = "libc++";
				CLANG_ENABLE_MODULES = YES;
				CLANG_ENABLE_OBJC_ARC = YES;
				CLANG_WARN_BOOL_CONVERSION = YES;
				CLANG_WARN_CONSTANT_CONVERSION = YES;
				CLANG_WARN_DIRECT_OBJC_ISA_USAGE = YES_ERROR;
				CLANG_WARN_EMPTY_BODY = YES;
				CLANG_WARN_ENUM_CONVERSION = YES;
				CLANG_WARN_INT_CONVERSION = YES;
				CLANG_WARN_OBJC_ROOT_CLASS = YES_ERROR;
				CLANG_WARN_UNREACHABLE_CODE = YES;
				CLANG_WARN__DUPLICATE_METHOD_MATCH = YES;
				"CODE_SIGN_IDENTITY[sdk=iphoneos*]" = "iPhone Developer";
				COPY_PHASE_STRIP = YES;
				ENABLE_NS_ASSERTIONS = NO;
				ENABLE_STRICT_OBJC_MSGSEND = YES;
				GCC_C_LANGUAGE_STANDARD = gnu99;
				GCC_WARN_64_TO_32_BIT_CONVERSION = YES;
				GCC_WARN_ABOUT_RETURN_TYPE = YES_ERROR;
				GCC_WARN_UNDECLARED_SELECTOR = YES;
				GCC_WARN_UNINITIALIZED_AUTOS = YES_AGGRESSIVE;
				GCC_WARN_UNUSED_FUNCTION = YES;
				GCC_WARN_UNUSED_VARIABLE = YES;
				IPHONEOS_DEPLOYMENT_TARGET = 8.0;
				MTL_ENABLE_DEBUG_INFO = NO;
				SDKROOT = iphoneos;
				VALIDATE_PRODUCT = YES;
			};
			name = Release;
		};
		8639014B19B4F01A00EC5B2B /* Debug */ = {
			isa = XCBuildConfiguration;
			buildSettings = {
				ASSETCATALOG_COMPILER_APPICON_NAME = AppIcon;
				ASSETCATALOG_COMPILER_LAUNCHIMAGE_NAME = LaunchImage;
				INFOPLIST_FILE = BlurrySideBar/Info.plist;
				LD_RUNPATH_SEARCH_PATHS = "$(inherited) @executable_path/Frameworks";
				PRODUCT_BUNDLE_IDENTIFIER = "com.tutorial.$(PRODUCT_NAME:rfc1034identifier)";
				PRODUCT_NAME = "$(TARGET_NAME)";
				SWIFT_VERSION = 3.0;
			};
			name = Debug;
		};
		8639014C19B4F01A00EC5B2B /* Release */ = {
			isa = XCBuildConfiguration;
			buildSettings = {
				ASSETCATALOG_COMPILER_APPICON_NAME = AppIcon;
				ASSETCATALOG_COMPILER_LAUNCHIMAGE_NAME = LaunchImage;
				INFOPLIST_FILE = BlurrySideBar/Info.plist;
				LD_RUNPATH_SEARCH_PATHS = "$(inherited) @executable_path/Frameworks";
				PRODUCT_BUNDLE_IDENTIFIER = "com.tutorial.$(PRODUCT_NAME:rfc1034identifier)";
				PRODUCT_NAME = "$(TARGET_NAME)";
				SWIFT_VERSION = 3.0;
			};
			name = Release;
		};
		8639014E19B4F01A00EC5B2B /* Debug */ = {
			isa = XCBuildConfiguration;
			buildSettings = {
				BUNDLE_LOADER = "$(TEST_HOST)";
				FRAMEWORK_SEARCH_PATHS = (
					"$(SDKROOT)/Developer/Library/Frameworks",
					"$(inherited)",
				);
				GCC_PREPROCESSOR_DEFINITIONS = (
					"DEBUG=1",
					"$(inherited)",
				);
				INFOPLIST_FILE = BlurrySideBarTests/Info.plist;
				LD_RUNPATH_SEARCH_PATHS = "$(inherited) @executable_path/Frameworks @loader_path/Frameworks";
				PRODUCT_BUNDLE_IDENTIFIER = "com.tutorial.$(PRODUCT_NAME:rfc1034identifier)";
				PRODUCT_NAME = "$(TARGET_NAME)";
				SWIFT_VERSION = 3.0;
				TEST_HOST = "$(BUILT_PRODUCTS_DIR)/BlurrySideBar.app/BlurrySideBar";
			};
			name = Debug;
		};
		8639014F19B4F01A00EC5B2B /* Release */ = {
			isa = XCBuildConfiguration;
			buildSettings = {
				BUNDLE_LOADER = "$(TEST_HOST)";
				FRAMEWORK_SEARCH_PATHS = (
					"$(SDKROOT)/Developer/Library/Frameworks",
					"$(inherited)",
				);
				INFOPLIST_FILE = BlurrySideBarTests/Info.plist;
				LD_RUNPATH_SEARCH_PATHS = "$(inherited) @executable_path/Frameworks @loader_path/Frameworks";
				PRODUCT_BUNDLE_IDENTIFIER = "com.tutorial.$(PRODUCT_NAME:rfc1034identifier)";
				PRODUCT_NAME = "$(TARGET_NAME)";
				SWIFT_VERSION = 3.0;
				TEST_HOST = "$(BUILT_PRODUCTS_DIR)/BlurrySideBar.app/BlurrySideBar";
			};
			name = Release;
		};
/* End XCBuildConfiguration section */

/* Begin XCConfigurationList section */
		8639012919B4F01A00EC5B2B /* Build configuration list for PBXProject "BlurrySideBar" */ = {
			isa = XCConfigurationList;
			buildConfigurations = (
				8639014819B4F01A00EC5B2B /* Debug */,
				8639014919B4F01A00EC5B2B /* Release */,
			);
			defaultConfigurationIsVisible = 0;
			defaultConfigurationName = Release;
		};
		8639014A19B4F01A00EC5B2B /* Build configuration list for PBXNativeTarget "BlurrySideBar" */ = {
			isa = XCConfigurationList;
			buildConfigurations = (
				8639014B19B4F01A00EC5B2B /* Debug */,
				8639014C19B4F01A00EC5B2B /* Release */,
			);
			defaultConfigurationIsVisible = 0;
			defaultConfigurationName = Release;
		};
		8639014D19B4F01A00EC5B2B /* Build configuration list for PBXNativeTarget "BlurrySideBarTests" */ = {
			isa = XCConfigurationList;
			buildConfigurations = (
				8639014E19B4F01A00EC5B2B /* Debug */,
				8639014F19B4F01A00EC5B2B /* Release */,
			);
			defaultConfigurationIsVisible = 0;
			defaultConfigurationName = Release;
		};
/* End XCConfigurationList section */
	};
	rootObject = 8639012619B4F01A00EC5B2B /* Project object */;
}
